
Microsoft Visual Studio Solution File, Format Version 12.00
# Visual Studio Version 17
VisualStudioVersion = 17.3.32825.248
MinimumVisualStudioVersion = 10.0.40219.1
Project("{FAE04EC0-301F-11D3-BF4B-00C04F79EFBC}") = "CV_Project.UI", "CV_Project.UI\CV_Project.UI.csproj", "{0B1ADF27-D324-4E13-857B-F064DC00591A}"
EndProject
Project("{FAE04EC0-301F-11D3-BF4B-00C04F79EFBC}") = "CV_Project.Business", "CV_Project.Business\CV_Project.Business.csproj", "{AADB67A4-8385-4021-80F2-89D15F4AEB5D}"
EndProject
Project("{FAE04EC0-301F-11D3-BF4B-00C04F79EFBC}") = "CV_Project.Dal", "CV_Project.Dal\CV_Project.Dal.csproj", "{052EE96F-5076-43F6-A4DB-30E711ED14D6}"
EndProject
Project("{FAE04EC0-301F-11D3-BF4B-00C04F79EFBC}") = "CV_Project.Entity", "CV_Project.Entity\CV_Project.Entity.csproj", "{162FF90D-A063-404F-BD45-A962F7B064EC}"
EndProject
Global
	GlobalSection(SolutionConfigurationPlatforms) = preSolution
		Debug|Any CPU = Debug|Any CPU
		Release|Any CPU = Release|Any CPU
	EndGlobalSection
	GlobalSection(ProjectConfigurationPlatforms) = postSolution
		{0B1ADF27-D324-4E13-857B-F064DC00591A}.Debug|Any CPU.ActiveCfg = Debug|Any CPU
		{0B1ADF27-D324-4E13-857B-F064DC00591A}.Debug|Any CPU.Build.0 = Debug|Any CPU
		{0B1ADF27-D324-4E13-857B-F064DC00591A}.Release|Any CPU.ActiveCfg = Release|Any CPU
		{0B1ADF27-D324-4E13-857B-F064DC00591A}.Release|Any CPU.Build.0 = Release|Any CPU
		{AADB67A4-8385-4021-80F2-89D15F4AEB5D}.Debug|Any CPU.ActiveCfg = Debug|Any CPU
		{AADB67A4-8385-4021-80F2-89D15F4AEB5D}.Debug|Any CPU.Build.0 = Debug|Any CPU
		{AADB67A4-8385-4021-80F2-89D15F4AEB5D}.Release|Any CPU.ActiveCfg = Release|Any CPU
		{AADB67A4-8385-4021-80F2-89D15F4AEB5D}.Release|Any CPU.Build.0 = Release|Any CPU
		{052EE96F-5076-43F6-A4DB-30E711ED14D6}.Debug|Any CPU.ActiveCfg = Debug|Any CPU
		{052EE96F-5076-43F6-A4DB-30E711ED14D6}.Debug|Any CPU.Build.0 = Debug|Any CPU
		{052EE96F-5076-43F6-A4DB-30E711ED14D6}.Release|Any CPU.ActiveCfg = Release|Any CPU
		{052EE96F-5076-43F6-A4DB-30E711ED14D6}.Release|Any CPU.Build.0 = Release|Any CPU
		{162FF90D-A063-404F-BD45-A962F7B064EC}.Debug|Any CPU.ActiveCfg = Debug|Any CPU
		{162FF90D-A063-404F-BD45-A962F7B064EC}.Debug|Any CPU.Build.0 = Debug|Any CPU
		{162FF90D-A063-404F-BD45-A962F7B064EC}.Release|Any CPU.ActiveCfg = Release|Any CPU
		{162FF90D-A063-404F-BD45-A962F7B064EC}.Release|Any CPU.Build.0 = Release|Any CPU
	EndGlobalSection
	GlobalSection(SolutionProperties) = preSolution
		HideSolutionNode = FALSE
	EndGlobalSection
	GlobalSection(ExtensibilityGlobals) = postSolution
		SolutionGuid = {AC0A5CE6-EE8B-40CE-9AC6-B832AB730BD0}
	EndGlobalSection
EndGlobal
